
Microsoft Visual Studio Solution File, Format Version 12.00
# Visual Studio Version 16
VisualStudioVersion = 16.0.31321.278
MinimumVisualStudioVersion = 10.0.40219.1
Project("{FAE04EC0-301F-11D3-BF4B-00C04F79EFBC}") = "JenkDemo", "JenkDemo.csproj", "{1727DA1E-624F-4466-A0EB-C517B2A45243}"
EndProject
Global
	GlobalSection(SolutionConfigurationPlatforms) = preSolution
		Debug|Any CPU = Debug|Any CPU
		Release|Any CPU = Release|Any CPU
	EndGlobalSection
	GlobalSection(ProjectConfigurationPlatforms) = postSolution
		{1727DA1E-624F-4466-A0EB-C517B2A45243}.Debug|Any CPU.ActiveCfg = Debug|Any CPU
		{1727DA1E-624F-4466-A0EB-C517B2A45243}.Debug|Any CPU.Build.0 = Debug|Any CPU
		{1727DA1E-624F-4466-A0EB-C517B2A45243}.Release|Any CPU.ActiveCfg = Release|Any CPU
		{1727DA1E-624F-4466-A0EB-C517B2A45243}.Release|Any CPU.Build.0 = Release|Any CPU
	EndGlobalSection
	GlobalSection(SolutionProperties) = preSolution
		HideSolutionNode = FALSE
	EndGlobalSection
	GlobalSection(ExtensibilityGlobals) = postSolution
		SolutionGuid = {50606FF6-593C-42FF-B888-EF75F91E4828}
	EndGlobalSection
EndGlobal
